
Microsoft Visual Studio Solution File, Format Version 12.00
# Visual Studio 2012
Project("{FAE04EC0-301F-11D3-BF4B-00C04F79EFBC}") = "U5-Didesnes raides", "U5-Didesnes raides\U5-Didesnes raides.csproj", "{918EF206-CF45-4348-A3F0-446D1A98A3AD}"
EndProject
Global
	GlobalSection(SolutionConfigurationPlatforms) = preSolution
		Debug|Any CPU = Debug|Any CPU
		Release|Any CPU = Release|Any CPU
	EndGlobalSection
	GlobalSection(ProjectConfigurationPlatforms) = postSolution
		{918EF206-CF45-4348-A3F0-446D1A98A3AD}.Debug|Any CPU.ActiveCfg = Debug|Any CPU
		{918EF206-CF45-4348-A3F0-446D1A98A3AD}.Debug|Any CPU.Build.0 = Debug|Any CPU
		{918EF206-CF45-4348-A3F0-446D1A98A3AD}.Release|Any CPU.ActiveCfg = Release|Any CPU
		{918EF206-CF45-4348-A3F0-446D1A98A3AD}.Release|Any CPU.Build.0 = Release|Any CPU
	EndGlobalSection
	GlobalSection(SolutionProperties) = preSolution
		HideSolutionNode = FALSE
	EndGlobalSection
EndGlobal
