
Microsoft Visual Studio Solution File, Format Version 12.00
# Visual Studio 2012
Project("{FAE04EC0-301F-11D3-BF4B-00C04F79EFBC}") = "zodziu isskyrimas eiluteje", "zodziu isskyrimas eiluteje\zodziu isskyrimas eiluteje.csproj", "{DA9637DE-B445-4697-A61E-DB49FCBAFB6C}"
EndProject
Global
	GlobalSection(SolutionConfigurationPlatforms) = preSolution
		Debug|Any CPU = Debug|Any CPU
		Release|Any CPU = Release|Any CPU
	EndGlobalSection
	GlobalSection(ProjectConfigurationPlatforms) = postSolution
		{DA9637DE-B445-4697-A61E-DB49FCBAFB6C}.Debug|Any CPU.ActiveCfg = Debug|Any CPU
		{DA9637DE-B445-4697-A61E-DB49FCBAFB6C}.Debug|Any CPU.Build.0 = Debug|Any CPU
		{DA9637DE-B445-4697-A61E-DB49FCBAFB6C}.Release|Any CPU.ActiveCfg = Release|Any CPU
		{DA9637DE-B445-4697-A61E-DB49FCBAFB6C}.Release|Any CPU.Build.0 = Release|Any CPU
	EndGlobalSection
	GlobalSection(SolutionProperties) = preSolution
		HideSolutionNode = FALSE
	EndGlobalSection
EndGlobal
